
Microsoft Visual Studio Solution File, Format Version 12.00
# Visual Studio Version 17
VisualStudioVersion = 17.0.31903.59
MinimumVisualStudioVersion = 10.0.40219.1
Project("{FAE04EC0-301F-11D3-BF4B-00C04F79EFBC}") = "App", "App\App.csproj", "{64BB979F-BDE8-4D73-8007-F9DACDAE2FD5}"
EndProject
Project("{FAE04EC0-301F-11D3-BF4B-00C04F79EFBC}") = "Document", "Document\Document.csproj", "{384FCFDF-9B6D-4FA2-830F-CAB97F8B8857}"
EndProject
Project("{FAE04EC0-301F-11D3-BF4B-00C04F79EFBC}") = "Models", "Models\Models.csproj", "{9F1FBF51-7994-4DE0-A1F2-8347B77FDCB6}"
EndProject
Global
	GlobalSection(SolutionConfigurationPlatforms) = preSolution
		Debug|Any CPU = Debug|Any CPU
		Release|Any CPU = Release|Any CPU
	EndGlobalSection
	GlobalSection(SolutionProperties) = preSolution
		HideSolutionNode = FALSE
	EndGlobalSection
	GlobalSection(ProjectConfigurationPlatforms) = postSolution
		{64BB979F-BDE8-4D73-8007-F9DACDAE2FD5}.Debug|Any CPU.ActiveCfg = Debug|Any CPU
		{64BB979F-BDE8-4D73-8007-F9DACDAE2FD5}.Debug|Any CPU.Build.0 = Debug|Any CPU
		{64BB979F-BDE8-4D73-8007-F9DACDAE2FD5}.Release|Any CPU.ActiveCfg = Release|Any CPU
		{64BB979F-BDE8-4D73-8007-F9DACDAE2FD5}.Release|Any CPU.Build.0 = Release|Any CPU
		{384FCFDF-9B6D-4FA2-830F-CAB97F8B8857}.Debug|Any CPU.ActiveCfg = Debug|Any CPU
		{384FCFDF-9B6D-4FA2-830F-CAB97F8B8857}.Debug|Any CPU.Build.0 = Debug|Any CPU
		{384FCFDF-9B6D-4FA2-830F-CAB97F8B8857}.Release|Any CPU.ActiveCfg = Release|Any CPU
		{384FCFDF-9B6D-4FA2-830F-CAB97F8B8857}.Release|Any CPU.Build.0 = Release|Any CPU
		{9F1FBF51-7994-4DE0-A1F2-8347B77FDCB6}.Debug|Any CPU.ActiveCfg = Debug|Any CPU
		{9F1FBF51-7994-4DE0-A1F2-8347B77FDCB6}.Debug|Any CPU.Build.0 = Debug|Any CPU
		{9F1FBF51-7994-4DE0-A1F2-8347B77FDCB6}.Release|Any CPU.ActiveCfg = Release|Any CPU
		{9F1FBF51-7994-4DE0-A1F2-8347B77FDCB6}.Release|Any CPU.Build.0 = Release|Any CPU
	EndGlobalSection
EndGlobal
